
Microsoft Visual Studio Solution File, Format Version 12.00
# Visual Studio 14
VisualStudioVersion = 14.0.25420.1
MinimumVisualStudioVersion = 10.0.40219.1
Project("{FAE04EC0-301F-11D3-BF4B-00C04F79EFBC}") = "Ch13_RummyCardGame", "Ch13_RummyCardGame\Ch13_RummyCardGame.csproj", "{64C70B71-5A95-4FFA-8F6D-7E63C1648D3A}"
EndProject
Project("{FAE04EC0-301F-11D3-BF4B-00C04F79EFBC}") = "CardLib", "CardLib\CardLib.csproj", "{F9A854F9-F481-4E0B-B4C5-EB57C03BB59C}"
EndProject
Global
	GlobalSection(SolutionConfigurationPlatforms) = preSolution
		Debug|Any CPU = Debug|Any CPU
		Release|Any CPU = Release|Any CPU
	EndGlobalSection
	GlobalSection(ProjectConfigurationPlatforms) = postSolution
		{64C70B71-5A95-4FFA-8F6D-7E63C1648D3A}.Debug|Any CPU.ActiveCfg = Debug|Any CPU
		{64C70B71-5A95-4FFA-8F6D-7E63C1648D3A}.Debug|Any CPU.Build.0 = Debug|Any CPU
		{64C70B71-5A95-4FFA-8F6D-7E63C1648D3A}.Release|Any CPU.ActiveCfg = Release|Any CPU
		{64C70B71-5A95-4FFA-8F6D-7E63C1648D3A}.Release|Any CPU.Build.0 = Release|Any CPU
		{F9A854F9-F481-4E0B-B4C5-EB57C03BB59C}.Debug|Any CPU.ActiveCfg = Debug|Any CPU
		{F9A854F9-F481-4E0B-B4C5-EB57C03BB59C}.Debug|Any CPU.Build.0 = Debug|Any CPU
		{F9A854F9-F481-4E0B-B4C5-EB57C03BB59C}.Release|Any CPU.ActiveCfg = Release|Any CPU
		{F9A854F9-F481-4E0B-B4C5-EB57C03BB59C}.Release|Any CPU.Build.0 = Release|Any CPU
	EndGlobalSection
	GlobalSection(SolutionProperties) = preSolution
		HideSolutionNode = FALSE
	EndGlobalSection
EndGlobal
